
Microsoft Visual Studio Solution File, Format Version 12.00
# Visual Studio 14
VisualStudioVersion = 14.0.24720.0
MinimumVisualStudioVersion = 10.0.40219.1
Project("{FAE04EC0-301F-11D3-BF4B-00C04F79EFBC}") = "Carapplication", "Carapplication\Carapplication.csproj", "{29FE7F35-A270-4A39-9F3F-6F2AFAB4F150}"
EndProject
Project("{FAE04EC0-301F-11D3-BF4B-00C04F79EFBC}") = "PersonApplication", "PersonApplication\PersonApplication.csproj", "{C33141C1-ACE2-4F94-946B-D6FCDFF526EE}"
EndProject
Project("{FAE04EC0-301F-11D3-BF4B-00C04F79EFBC}") = "T1", "T1\T1.csproj", "{8D0A207E-4DF4-4D01-B075-4BAF1ED10240}"
EndProject
Project("{FAE04EC0-301F-11D3-BF4B-00C04F79EFBC}") = "T5", "T5\T5.csproj", "{D15102C9-1BDB-4759-B1A8-48FC368A869E}"
EndProject
Project("{FAE04EC0-301F-11D3-BF4B-00C04F79EFBC}") = "T6", "T6\T6.csproj", "{0A0ED691-D08A-4735-A3E9-01C57C285821}"
EndProject
Global
	GlobalSection(SolutionConfigurationPlatforms) = preSolution
		Debug|Any CPU = Debug|Any CPU
		Release|Any CPU = Release|Any CPU
	EndGlobalSection
	GlobalSection(ProjectConfigurationPlatforms) = postSolution
		{29FE7F35-A270-4A39-9F3F-6F2AFAB4F150}.Debug|Any CPU.ActiveCfg = Debug|Any CPU
		{29FE7F35-A270-4A39-9F3F-6F2AFAB4F150}.Debug|Any CPU.Build.0 = Debug|Any CPU
		{29FE7F35-A270-4A39-9F3F-6F2AFAB4F150}.Release|Any CPU.ActiveCfg = Release|Any CPU
		{29FE7F35-A270-4A39-9F3F-6F2AFAB4F150}.Release|Any CPU.Build.0 = Release|Any CPU
		{C33141C1-ACE2-4F94-946B-D6FCDFF526EE}.Debug|Any CPU.ActiveCfg = Debug|Any CPU
		{C33141C1-ACE2-4F94-946B-D6FCDFF526EE}.Debug|Any CPU.Build.0 = Debug|Any CPU
		{C33141C1-ACE2-4F94-946B-D6FCDFF526EE}.Release|Any CPU.ActiveCfg = Release|Any CPU
		{C33141C1-ACE2-4F94-946B-D6FCDFF526EE}.Release|Any CPU.Build.0 = Release|Any CPU
		{8D0A207E-4DF4-4D01-B075-4BAF1ED10240}.Debug|Any CPU.ActiveCfg = Debug|Any CPU
		{8D0A207E-4DF4-4D01-B075-4BAF1ED10240}.Debug|Any CPU.Build.0 = Debug|Any CPU
		{8D0A207E-4DF4-4D01-B075-4BAF1ED10240}.Release|Any CPU.ActiveCfg = Release|Any CPU
		{8D0A207E-4DF4-4D01-B075-4BAF1ED10240}.Release|Any CPU.Build.0 = Release|Any CPU
		{D15102C9-1BDB-4759-B1A8-48FC368A869E}.Debug|Any CPU.ActiveCfg = Debug|Any CPU
		{D15102C9-1BDB-4759-B1A8-48FC368A869E}.Debug|Any CPU.Build.0 = Debug|Any CPU
		{D15102C9-1BDB-4759-B1A8-48FC368A869E}.Release|Any CPU.ActiveCfg = Release|Any CPU
		{D15102C9-1BDB-4759-B1A8-48FC368A869E}.Release|Any CPU.Build.0 = Release|Any CPU
		{0A0ED691-D08A-4735-A3E9-01C57C285821}.Debug|Any CPU.ActiveCfg = Debug|Any CPU
		{0A0ED691-D08A-4735-A3E9-01C57C285821}.Debug|Any CPU.Build.0 = Debug|Any CPU
		{0A0ED691-D08A-4735-A3E9-01C57C285821}.Release|Any CPU.ActiveCfg = Release|Any CPU
		{0A0ED691-D08A-4735-A3E9-01C57C285821}.Release|Any CPU.Build.0 = Release|Any CPU
	EndGlobalSection
	GlobalSection(SolutionProperties) = preSolution
		HideSolutionNode = FALSE
	EndGlobalSection
EndGlobal
